// !$*UTF8*$!
{
	archiveVersion = 1;
	classes = {
	};
	objectVersion = 56;
	objects = {

/* Begin PBXBuildFile section */
		684D72E12B9E3FB100BC6268 /* InstructionView.swift in Sources */ = {isa = PBXBuildFile; fileRef = 684D72E02B9E3FB100BC6268 /* InstructionView.swift */; };
		6857A9602B8EDD1E00688271 /* exercises.json in Resources */ = {isa = PBXBuildFile; fileRef = 6857A95F2B8EDD1E00688271 /* exercises.json */; };
		6861A6312B81852600744D2F /* FirebaseAnalytics in Frameworks */ = {isa = PBXBuildFile; productRef = 6861A6302B81852600744D2F /* FirebaseAnalytics */; };
		6861A6332B81852600744D2F /* FirebaseAnalyticsOnDeviceConversion in Frameworks */ = {isa = PBXBuildFile; productRef = 6861A6322B81852600744D2F /* FirebaseAnalyticsOnDeviceConversion */; };
		6861A6352B81852600744D2F /* FirebaseAnalyticsSwift in Frameworks */ = {isa = PBXBuildFile; productRef = 6861A6342B81852600744D2F /* FirebaseAnalyticsSwift */; };
		6861A6372B81852600744D2F /* FirebaseAnalyticsWithoutAdIdSupport in Frameworks */ = {isa = PBXBuildFile; productRef = 6861A6362B81852600744D2F /* FirebaseAnalyticsWithoutAdIdSupport */; };
		6861A6392B81852600744D2F /* FirebaseAppCheck in Frameworks */ = {isa = PBXBuildFile; productRef = 6861A6382B81852600744D2F /* FirebaseAppCheck */; };
		6861A63B2B81852600744D2F /* FirebaseAppDistribution-Beta in Frameworks */ = {isa = PBXBuildFile; productRef = 6861A63A2B81852600744D2F /* FirebaseAppDistribution-Beta */; };
		6861A63D2B81852600744D2F /* FirebaseAuth in Frameworks */ = {isa = PBXBuildFile; productRef = 6861A63C2B81852600744D2F /* FirebaseAuth */; };
		6861A63F2B81852600744D2F /* FirebaseAuthCombine-Community in Frameworks */ = {isa = PBXBuildFile; productRef = 6861A63E2B81852600744D2F /* FirebaseAuthCombine-Community */; };
		6861A6412B81852600744D2F /* FirebaseCrashlytics in Frameworks */ = {isa = PBXBuildFile; productRef = 6861A6402B81852600744D2F /* FirebaseCrashlytics */; };
		6861A6432B81852600744D2F /* FirebaseDatabase in Frameworks */ = {isa = PBXBuildFile; productRef = 6861A6422B81852600744D2F /* FirebaseDatabase */; };
		6861A6452B81852600744D2F /* FirebaseDatabaseSwift in Frameworks */ = {isa = PBXBuildFile; productRef = 6861A6442B81852600744D2F /* FirebaseDatabaseSwift */; };
		6861A6472B81852600744D2F /* FirebaseDynamicLinks in Frameworks */ = {isa = PBXBuildFile; productRef = 6861A6462B81852600744D2F /* FirebaseDynamicLinks */; };
		6861A6492B81852600744D2F /* FirebaseFirestore in Frameworks */ = {isa = PBXBuildFile; productRef = 6861A6482B81852600744D2F /* FirebaseFirestore */; };
		6861A64B2B81852600744D2F /* FirebaseFirestoreCombine-Community in Frameworks */ = {isa = PBXBuildFile; productRef = 6861A64A2B81852600744D2F /* FirebaseFirestoreCombine-Community */; };
		6861A64D2B81852600744D2F /* FirebaseFirestoreSwift in Frameworks */ = {isa = PBXBuildFile; productRef = 6861A64C2B81852600744D2F /* FirebaseFirestoreSwift */; };
		6861A64F2B81852600744D2F /* FirebaseFunctions in Frameworks */ = {isa = PBXBuildFile; productRef = 6861A64E2B81852600744D2F /* FirebaseFunctions */; };
		6861A6512B81852600744D2F /* FirebaseFunctionsCombine-Community in Frameworks */ = {isa = PBXBuildFile; productRef = 6861A6502B81852600744D2F /* FirebaseFunctionsCombine-Community */; };
		6861A6532B81852600744D2F /* FirebaseInAppMessaging-Beta in Frameworks */ = {isa = PBXBuildFile; productRef = 6861A6522B81852600744D2F /* FirebaseInAppMessaging-Beta */; };
		6861A6552B81852600744D2F /* FirebaseInAppMessagingSwift-Beta in Frameworks */ = {isa = PBXBuildFile; productRef = 6861A6542B81852600744D2F /* FirebaseInAppMessagingSwift-Beta */; };
		6861A6572B81852600744D2F /* FirebaseInstallations in Frameworks */ = {isa = PBXBuildFile; productRef = 6861A6562B81852600744D2F /* FirebaseInstallations */; };
		6861A6592B81852600744D2F /* FirebaseMLModelDownloader in Frameworks */ = {isa = PBXBuildFile; productRef = 6861A6582B81852600744D2F /* FirebaseMLModelDownloader */; };
		6861A65B2B81852600744D2F /* FirebaseMessaging in Frameworks */ = {isa = PBXBuildFile; productRef = 6861A65A2B81852600744D2F /* FirebaseMessaging */; };
		6861A65D2B81852600744D2F /* FirebasePerformance in Frameworks */ = {isa = PBXBuildFile; productRef = 6861A65C2B81852600744D2F /* FirebasePerformance */; };
		6861A65F2B81852600744D2F /* FirebaseRemoteConfig in Frameworks */ = {isa = PBXBuildFile; productRef = 6861A65E2B81852600744D2F /* FirebaseRemoteConfig */; };
		6861A6612B81852600744D2F /* FirebaseRemoteConfigSwift in Frameworks */ = {isa = PBXBuildFile; productRef = 6861A6602B81852600744D2F /* FirebaseRemoteConfigSwift */; };
		6861A6632B81852600744D2F /* FirebaseStorage in Frameworks */ = {isa = PBXBuildFile; productRef = 6861A6622B81852600744D2F /* FirebaseStorage */; };
		6861A6652B81852600744D2F /* FirebaseStorageCombine-Community in Frameworks */ = {isa = PBXBuildFile; productRef = 6861A6642B81852600744D2F /* FirebaseStorageCombine-Community */; };
		689D90AB2B7342FB00098874 /* GoogleService-Info.plist in Resources */ = {isa = PBXBuildFile; fileRef = 689D90AA2B7342FB00098874 /* GoogleService-Info.plist */; };
		B6281D472B0338B7000BC38E /* Local_WorkoutApp.swift in Sources */ = {isa = PBXBuildFile; fileRef = B6281D462B0338B7000BC38E /* Local_WorkoutApp.swift */; };
		B6281D492B0338B7000BC38E /* Home.swift in Sources */ = {isa = PBXBuildFile; fileRef = B6281D482B0338B7000BC38E /* Home.swift */; };
		B6281D4B2B0338B9000BC38E /* Assets.xcassets in Resources */ = {isa = PBXBuildFile; fileRef = B6281D4A2B0338B9000BC38E /* Assets.xcassets */; };
		B6281D4E2B0338B9000BC38E /* Preview Assets.xcassets in Resources */ = {isa = PBXBuildFile; fileRef = B6281D4D2B0338B9000BC38E /* Preview Assets.xcassets */; };
		B6281D582B0338B9000BC38E /* Local_WorkoutTests.swift in Sources */ = {isa = PBXBuildFile; fileRef = B6281D572B0338B9000BC38E /* Local_WorkoutTests.swift */; };
		B6281D622B0338B9000BC38E /* Local_WorkoutUITests.swift in Sources */ = {isa = PBXBuildFile; fileRef = B6281D612B0338B9000BC38E /* Local_WorkoutUITests.swift */; };
		B6281D642B0338B9000BC38E /* Local_WorkoutUITestsLaunchTests.swift in Sources */ = {isa = PBXBuildFile; fileRef = B6281D632B0338B9000BC38E /* Local_WorkoutUITestsLaunchTests.swift */; };
		B665A8912B2AD83D00ED53B2 /* LocationManager.swift in Sources */ = {isa = PBXBuildFile; fileRef = B665A8902B2AD83D00ED53B2 /* LocationManager.swift */; };
		B6E01D4D2B06906600C4D5EA /* WorkoutList.swift in Sources */ = {isa = PBXBuildFile; fileRef = B6E01D4C2B06906600C4D5EA /* WorkoutList.swift */; };
		B6F631612B17B2570040ED95 /* WorkoutLog.swift in Sources */ = {isa = PBXBuildFile; fileRef = B6F631602B17B2570040ED95 /* WorkoutLog.swift */; };
/* End PBXBuildFile section */

/* Begin PBXContainerItemProxy section */
		B6281D542B0338B9000BC38E /* PBXContainerItemProxy */ = {
			isa = PBXContainerItemProxy;
			containerPortal = B6281D3B2B0338B7000BC38E /* Project object */;
			proxyType = 1;
			remoteGlobalIDString = B6281D422B0338B7000BC38E;
			remoteInfo = "Local Workout";
		};
		B6281D5E2B0338B9000BC38E /* PBXContainerItemProxy */ = {
			isa = PBXContainerItemProxy;
			containerPortal = B6281D3B2B0338B7000BC38E /* Project object */;
			proxyType = 1;
			remoteGlobalIDString = B6281D422B0338B7000BC38E;
			remoteInfo = "Local Workout";
		};
/* End PBXContainerItemProxy section */

/* Begin PBXFileReference section */
		684D72E02B9E3FB100BC6268 /* InstructionView.swift */ = {isa = PBXFileReference; lastKnownFileType = sourcecode.swift; path = InstructionView.swift; sourceTree = "<group>"; };
		6857A95F2B8EDD1E00688271 /* exercises.json */ = {isa = PBXFileReference; fileEncoding = 4; lastKnownFileType = text.json; path = exercises.json; sourceTree = "<group>"; };
		689D90AA2B7342FB00098874 /* GoogleService-Info.plist */ = {isa = PBXFileReference; fileEncoding = 4; lastKnownFileType = text.plist.xml; name = "GoogleService-Info.plist"; path = "../../../../Downloads/GoogleService-Info.plist"; sourceTree = "<group>"; };
		68A78F092B9D595800D48A35 /* Local-Workout-Info.plist */ = {isa = PBXFileReference; lastKnownFileType = text.plist; path = "Local-Workout-Info.plist"; sourceTree = SOURCE_ROOT; };
		B6281D432B0338B7000BC38E /* Local Workout.app */ = {isa = PBXFileReference; explicitFileType = wrapper.application; includeInIndex = 0; path = "Local Workout.app"; sourceTree = BUILT_PRODUCTS_DIR; };
		B6281D462B0338B7000BC38E /* Local_WorkoutApp.swift */ = {isa = PBXFileReference; lastKnownFileType = sourcecode.swift; path = Local_WorkoutApp.swift; sourceTree = "<group>"; };
		B6281D482B0338B7000BC38E /* Home.swift */ = {isa = PBXFileReference; lastKnownFileType = sourcecode.swift; path = Home.swift; sourceTree = "<group>"; };
		B6281D4A2B0338B9000BC38E /* Assets.xcassets */ = {isa = PBXFileReference; lastKnownFileType = folder.assetcatalog; path = Assets.xcassets; sourceTree = "<group>"; };
		B6281D4D2B0338B9000BC38E /* Preview Assets.xcassets */ = {isa = PBXFileReference; lastKnownFileType = folder.assetcatalog; path = "Preview Assets.xcassets"; sourceTree = "<group>"; };
		B6281D532B0338B9000BC38E /* Local WorkoutTests.xctest */ = {isa = PBXFileReference; explicitFileType = wrapper.cfbundle; includeInIndex = 0; path = "Local WorkoutTests.xctest"; sourceTree = BUILT_PRODUCTS_DIR; };
		B6281D572B0338B9000BC38E /* Local_WorkoutTests.swift */ = {isa = PBXFileReference; lastKnownFileType = sourcecode.swift; path = Local_WorkoutTests.swift; sourceTree = "<group>"; };
		B6281D5D2B0338B9000BC38E /* Local WorkoutUITests.xctest */ = {isa = PBXFileReference; explicitFileType = wrapper.cfbundle; includeInIndex = 0; path = "Local WorkoutUITests.xctest"; sourceTree = BUILT_PRODUCTS_DIR; };
		B6281D612B0338B9000BC38E /* Local_WorkoutUITests.swift */ = {isa = PBXFileReference; lastKnownFileType = sourcecode.swift; path = Local_WorkoutUITests.swift; sourceTree = "<group>"; };
		B6281D632B0338B9000BC38E /* Local_WorkoutUITestsLaunchTests.swift */ = {isa = PBXFileReference; lastKnownFileType = sourcecode.swift; path = Local_WorkoutUITestsLaunchTests.swift; sourceTree = "<group>"; };
		B665A8902B2AD83D00ED53B2 /* LocationManager.swift */ = {isa = PBXFileReference; lastKnownFileType = sourcecode.swift; path = LocationManager.swift; sourceTree = "<group>"; };
		B6E01D4C2B06906600C4D5EA /* WorkoutList.swift */ = {isa = PBXFileReference; lastKnownFileType = sourcecode.swift; path = WorkoutList.swift; sourceTree = "<group>"; };
		B6F631602B17B2570040ED95 /* WorkoutLog.swift */ = {isa = PBXFileReference; lastKnownFileType = sourcecode.swift; path = WorkoutLog.swift; sourceTree = "<group>"; };
/* End PBXFileReference section */

/* Begin PBXFrameworksBuildPhase section */
		B6281D402B0338B7000BC38E /* Frameworks */ = {
			isa = PBXFrameworksBuildPhase;
			buildActionMask = 2147483647;
			files = (
				6861A6432B81852600744D2F /* FirebaseDatabase in Frameworks */,
				6861A6512B81852600744D2F /* FirebaseFunctionsCombine-Community in Frameworks */,
				6861A6492B81852600744D2F /* FirebaseFirestore in Frameworks */,
				6861A6352B81852600744D2F /* FirebaseAnalyticsSwift in Frameworks */,
				6861A6312B81852600744D2F /* FirebaseAnalytics in Frameworks */,
				6861A6332B81852600744D2F /* FirebaseAnalyticsOnDeviceConversion in Frameworks */,
				6861A6592B81852600744D2F /* FirebaseMLModelDownloader in Frameworks */,
				6861A64D2B81852600744D2F /* FirebaseFirestoreSwift in Frameworks */,
				6861A6392B81852600744D2F /* FirebaseAppCheck in Frameworks */,
				6861A6372B81852600744D2F /* FirebaseAnalyticsWithoutAdIdSupport in Frameworks */,
				6861A63D2B81852600744D2F /* FirebaseAuth in Frameworks */,
				6861A6412B81852600744D2F /* FirebaseCrashlytics in Frameworks */,
				6861A6612B81852600744D2F /* FirebaseRemoteConfigSwift in Frameworks */,
				6861A6532B81852600744D2F /* FirebaseInAppMessaging-Beta in Frameworks */,
				6861A6452B81852600744D2F /* FirebaseDatabaseSwift in Frameworks */,
				6861A64F2B81852600744D2F /* FirebaseFunctions in Frameworks */,
				6861A6652B81852600744D2F /* FirebaseStorageCombine-Community in Frameworks */,
				6861A65F2B81852600744D2F /* FirebaseRemoteConfig in Frameworks */,
				6861A63B2B81852600744D2F /* FirebaseAppDistribution-Beta in Frameworks */,
				6861A63F2B81852600744D2F /* FirebaseAuthCombine-Community in Frameworks */,
				6861A65D2B81852600744D2F /* FirebasePerformance in Frameworks */,
				6861A6552B81852600744D2F /* FirebaseInAppMessagingSwift-Beta in Frameworks */,
				6861A6632B81852600744D2F /* FirebaseStorage in Frameworks */,
				6861A6472B81852600744D2F /* FirebaseDynamicLinks in Frameworks */,
				6861A64B2B81852600744D2F /* FirebaseFirestoreCombine-Community in Frameworks */,
				6861A65B2B81852600744D2F /* FirebaseMessaging in Frameworks */,
				6861A6572B81852600744D2F /* FirebaseInstallations in Frameworks */,
			);
			runOnlyForDeploymentPostprocessing = 0;
		};
		B6281D502B0338B9000BC38E /* Frameworks */ = {
			isa = PBXFrameworksBuildPhase;
			buildActionMask = 2147483647;
			files = (
			);
			runOnlyForDeploymentPostprocessing = 0;
		};
		B6281D5A2B0338B9000BC38E /* Frameworks */ = {
			isa = PBXFrameworksBuildPhase;
			buildActionMask = 2147483647;
			files = (
			);
			runOnlyForDeploymentPostprocessing = 0;
		};
/* End PBXFrameworksBuildPhase section */

/* Begin PBXGroup section */
		B6281D3A2B0338B7000BC38E = {
			isa = PBXGroup;
			children = (
				B6281D452B0338B7000BC38E /* Local Workout */,
				B6281D562B0338B9000BC38E /* Local WorkoutTests */,
				B6281D602B0338B9000BC38E /* Local WorkoutUITests */,
				B6281D442B0338B7000BC38E /* Products */,
			);
			sourceTree = "<group>";
		};
		B6281D442B0338B7000BC38E /* Products */ = {
			isa = PBXGroup;
			children = (
				B6281D432B0338B7000BC38E /* Local Workout.app */,
				B6281D532B0338B9000BC38E /* Local WorkoutTests.xctest */,
				B6281D5D2B0338B9000BC38E /* Local WorkoutUITests.xctest */,
			);
			name = Products;
			sourceTree = "<group>";
		};
		B6281D452B0338B7000BC38E /* Local Workout */ = {
			isa = PBXGroup;
			children = (
				68A78F092B9D595800D48A35 /* Local-Workout-Info.plist */,
				B6281D462B0338B7000BC38E /* Local_WorkoutApp.swift */,
				684D72E02B9E3FB100BC6268 /* InstructionView.swift */,
				B6F631602B17B2570040ED95 /* WorkoutLog.swift */,
				B665A8902B2AD83D00ED53B2 /* LocationManager.swift */,
				B6E01D4C2B06906600C4D5EA /* WorkoutList.swift */,
				B6281D482B0338B7000BC38E /* Home.swift */,
				6857A95F2B8EDD1E00688271 /* exercises.json */,
				B6281D4A2B0338B9000BC38E /* Assets.xcassets */,
				689D90AA2B7342FB00098874 /* GoogleService-Info.plist */,
				B6281D4C2B0338B9000BC38E /* Preview Content */,
			);
			path = "Local Workout";
			sourceTree = "<group>";
		};
		B6281D4C2B0338B9000BC38E /* Preview Content */ = {
			isa = PBXGroup;
			children = (
				B6281D4D2B0338B9000BC38E /* Preview Assets.xcassets */,
			);
			path = "Preview Content";
			sourceTree = "<group>";
		};
		B6281D562B0338B9000BC38E /* Local WorkoutTests */ = {
			isa = PBXGroup;
			children = (
				B6281D572B0338B9000BC38E /* Local_WorkoutTests.swift */,
			);
			path = "Local WorkoutTests";
			sourceTree = "<group>";
		};
		B6281D602B0338B9000BC38E /* Local WorkoutUITests */ = {
			isa = PBXGroup;
			children = (
				B6281D612B0338B9000BC38E /* Local_WorkoutUITests.swift */,
				B6281D632B0338B9000BC38E /* Local_WorkoutUITestsLaunchTests.swift */,
			);
			path = "Local WorkoutUITests";
			sourceTree = "<group>";
		};
/* End PBXGroup section */

/* Begin PBXNativeTarget section */
		B6281D422B0338B7000BC38E /* Local Workout */ = {
			isa = PBXNativeTarget;
			buildConfigurationList = B6281D672B0338B9000BC38E /* Build configuration list for PBXNativeTarget "Local Workout" */;
			buildPhases = (
				B6281D3F2B0338B7000BC38E /* Sources */,
				B6281D402B0338B7000BC38E /* Frameworks */,
				B6281D412B0338B7000BC38E /* Resources */,
			);
			buildRules = (
			);
			dependencies = (
			);
			name = "Local Workout";
			packageProductDependencies = (
				6861A6302B81852600744D2F /* FirebaseAnalytics */,
				6861A6322B81852600744D2F /* FirebaseAnalyticsOnDeviceConversion */,
				6861A6342B81852600744D2F /* FirebaseAnalyticsSwift */,
				6861A6362B81852600744D2F /* FirebaseAnalyticsWithoutAdIdSupport */,
				6861A6382B81852600744D2F /* FirebaseAppCheck */,
				6861A63A2B81852600744D2F /* FirebaseAppDistribution-Beta */,
				6861A63C2B81852600744D2F /* FirebaseAuth */,
				6861A63E2B81852600744D2F /* FirebaseAuthCombine-Community */,
				6861A6402B81852600744D2F /* FirebaseCrashlytics */,
				6861A6422B81852600744D2F /* FirebaseDatabase */,
				6861A6442B81852600744D2F /* FirebaseDatabaseSwift */,
				6861A6462B81852600744D2F /* FirebaseDynamicLinks */,
				6861A6482B81852600744D2F /* FirebaseFirestore */,
				6861A64A2B81852600744D2F /* FirebaseFirestoreCombine-Community */,
				6861A64C2B81852600744D2F /* FirebaseFirestoreSwift */,
				6861A64E2B81852600744D2F /* FirebaseFunctions */,
				6861A6502B81852600744D2F /* FirebaseFunctionsCombine-Community */,
				6861A6522B81852600744D2F /* FirebaseInAppMessaging-Beta */,
				6861A6542B81852600744D2F /* FirebaseInAppMessagingSwift-Beta */,
				6861A6562B81852600744D2F /* FirebaseInstallations */,
				6861A6582B81852600744D2F /* FirebaseMLModelDownloader */,
				6861A65A2B81852600744D2F /* FirebaseMessaging */,
				6861A65C2B81852600744D2F /* FirebasePerformance */,
				6861A65E2B81852600744D2F /* FirebaseRemoteConfig */,
				6861A6602B81852600744D2F /* FirebaseRemoteConfigSwift */,
				6861A6622B81852600744D2F /* FirebaseStorage */,
				6861A6642B81852600744D2F /* FirebaseStorageCombine-Community */,
			);
			productName = "Local Workout";
			productReference = B6281D432B0338B7000BC38E /* Local Workout.app */;
			productType = "com.apple.product-type.application";
		};
		B6281D522B0338B9000BC38E /* Local WorkoutTests */ = {
			isa = PBXNativeTarget;
			buildConfigurationList = B6281D6A2B0338B9000BC38E /* Build configuration list for PBXNativeTarget "Local WorkoutTests" */;
			buildPhases = (
				B6281D4F2B0338B9000BC38E /* Sources */,
				B6281D502B0338B9000BC38E /* Frameworks */,
				B6281D512B0338B9000BC38E /* Resources */,
			);
			buildRules = (
			);
			dependencies = (
				B6281D552B0338B9000BC38E /* PBXTargetDependency */,
			);
			name = "Local WorkoutTests";
			productName = "Local WorkoutTests";
			productReference = B6281D532B0338B9000BC38E /* Local WorkoutTests.xctest */;
			productType = "com.apple.product-type.bundle.unit-test";
		};
		B6281D5C2B0338B9000BC38E /* Local WorkoutUITests */ = {
			isa = PBXNativeTarget;
			buildConfigurationList = B6281D6D2B0338B9000BC38E /* Build configuration list for PBXNativeTarget "Local WorkoutUITests" */;
			buildPhases = (
				B6281D592B0338B9000BC38E /* Sources */,
				B6281D5A2B0338B9000BC38E /* Frameworks */,
				B6281D5B2B0338B9000BC38E /* Resources */,
			);
			buildRules = (
			);
			dependencies = (
				B6281D5F2B0338B9000BC38E /* PBXTargetDependency */,
			);
			name = "Local WorkoutUITests";
			productName = "Local WorkoutUITests";
			productReference = B6281D5D2B0338B9000BC38E /* Local WorkoutUITests.xctest */;
			productType = "com.apple.product-type.bundle.ui-testing";
		};
/* End PBXNativeTarget section */

/* Begin PBXProject section */
		B6281D3B2B0338B7000BC38E /* Project object */ = {
			isa = PBXProject;
			attributes = {
				BuildIndependentTargetsInParallel = 1;
				LastSwiftUpdateCheck = 1500;
				LastUpgradeCheck = 1500;
				TargetAttributes = {
					B6281D422B0338B7000BC38E = {
						CreatedOnToolsVersion = 15.0.1;
					};
					B6281D522B0338B9000BC38E = {
						CreatedOnToolsVersion = 15.0.1;
						TestTargetID = B6281D422B0338B7000BC38E;
					};
					B6281D5C2B0338B9000BC38E = {
						CreatedOnToolsVersion = 15.0.1;
						TestTargetID = B6281D422B0338B7000BC38E;
					};
				};
			};
			buildConfigurationList = B6281D3E2B0338B7000BC38E /* Build configuration list for PBXProject "Local Workout" */;
			compatibilityVersion = "Xcode 14.0";
			developmentRegion = en;
			hasScannedForEncodings = 0;
			knownRegions = (
				en,
				Base,
			);
			mainGroup = B6281D3A2B0338B7000BC38E;
			packageReferences = (
				689D90AC2B73486B00098874 /* XCRemoteSwiftPackageReference "firebase-ios-sdk" */,
			);
			productRefGroup = B6281D442B0338B7000BC38E /* Products */;
			projectDirPath = "";
			projectRoot = "";
			targets = (
				B6281D422B0338B7000BC38E /* Local Workout */,
				B6281D522B0338B9000BC38E /* Local WorkoutTests */,
				B6281D5C2B0338B9000BC38E /* Local WorkoutUITests */,
			);
		};
/* End PBXProject section */

/* Begin PBXResourcesBuildPhase section */
		B6281D412B0338B7000BC38E /* Resources */ = {
			isa = PBXResourcesBuildPhase;
			buildActionMask = 2147483647;
			files = (
				B6281D4E2B0338B9000BC38E /* Preview Assets.xcassets in Resources */,
				6857A9602B8EDD1E00688271 /* exercises.json in Resources */,
				B6281D4B2B0338B9000BC38E /* Assets.xcassets in Resources */,
				689D90AB2B7342FB00098874 /* GoogleService-Info.plist in Resources */,
			);
			runOnlyForDeploymentPostprocessing = 0;
		};
		B6281D512B0338B9000BC38E /* Resources */ = {
			isa = PBXResourcesBuildPhase;
			buildActionMask = 2147483647;
			files = (
			);
			runOnlyForDeploymentPostprocessing = 0;
		};
		B6281D5B2B0338B9000BC38E /* Resources */ = {
			isa = PBXResourcesBuildPhase;
			buildActionMask = 2147483647;
			files = (
			);
			runOnlyForDeploymentPostprocessing = 0;
		};
/* End PBXResourcesBuildPhase section */

/* Begin PBXSourcesBuildPhase section */
		B6281D3F2B0338B7000BC38E /* Sources */ = {
			isa = PBXSourcesBuildPhase;
			buildActionMask = 2147483647;
			files = (
				B6F631612B17B2570040ED95 /* WorkoutLog.swift in Sources */,
				B6E01D4D2B06906600C4D5EA /* WorkoutList.swift in Sources */,
				B665A8912B2AD83D00ED53B2 /* LocationManager.swift in Sources */,
				B6281D492B0338B7000BC38E /* Home.swift in Sources */,
				B6281D472B0338B7000BC38E /* Local_WorkoutApp.swift in Sources */,
				684D72E12B9E3FB100BC6268 /* InstructionView.swift in Sources */,
			);
			runOnlyForDeploymentPostprocessing = 0;
		};
		B6281D4F2B0338B9000BC38E /* Sources */ = {
			isa = PBXSourcesBuildPhase;
			buildActionMask = 2147483647;
			files = (
				B6281D582B0338B9000BC38E /* Local_WorkoutTests.swift in Sources */,
			);
			runOnlyForDeploymentPostprocessing = 0;
		};
		B6281D592B0338B9000BC38E /* Sources */ = {
			isa = PBXSourcesBuildPhase;
			buildActionMask = 2147483647;
			files = (
				B6281D642B0338B9000BC38E /* Local_WorkoutUITestsLaunchTests.swift in Sources */,
				B6281D622B0338B9000BC38E /* Local_WorkoutUITests.swift in Sources */,
			);
			runOnlyForDeploymentPostprocessing = 0;
		};
/* End PBXSourcesBuildPhase section */

/* Begin PBXTargetDependency section */
		B6281D552B0338B9000BC38E /* PBXTargetDependency */ = {
			isa = PBXTargetDependency;
			target = B6281D422B0338B7000BC38E /* Local Workout */;
			targetProxy = B6281D542B0338B9000BC38E /* PBXContainerItemProxy */;
		};
		B6281D5F2B0338B9000BC38E /* PBXTargetDependency */ = {
			isa = PBXTargetDependency;
			target = B6281D422B0338B7000BC38E /* Local Workout */;
			targetProxy = B6281D5E2B0338B9000BC38E /* PBXContainerItemProxy */;
		};
/* End PBXTargetDependency section */

/* Begin XCBuildConfiguration section */
		B6281D652B0338B9000BC38E /* Debug */ = {
			isa = XCBuildConfiguration;
			buildSettings = {
				ALWAYS_SEARCH_USER_PATHS = NO;
				ASSETCATALOG_COMPILER_GENERATE_SWIFT_ASSET_SYMBOL_EXTENSIONS = YES;
				CLANG_ANALYZER_NONNULL = YES;
				CLANG_ANALYZER_NUMBER_OBJECT_CONVERSION = YES_AGGRESSIVE;
				CLANG_CXX_LANGUAGE_STANDARD = "gnu++20";
				CLANG_ENABLE_MODULES = YES;
				CLANG_ENABLE_OBJC_ARC = YES;
				CLANG_ENABLE_OBJC_WEAK = YES;
				CLANG_WARN_BLOCK_CAPTURE_AUTORELEASING = YES;
				CLANG_WARN_BOOL_CONVERSION = YES;
				CLANG_WARN_COMMA = YES;
				CLANG_WARN_CONSTANT_CONVERSION = YES;
				CLANG_WARN_DEPRECATED_OBJC_IMPLEMENTATIONS = YES;
				CLANG_WARN_DIRECT_OBJC_ISA_USAGE = YES_ERROR;
				CLANG_WARN_DOCUMENTATION_COMMENTS = YES;
				CLANG_WARN_EMPTY_BODY = YES;
				CLANG_WARN_ENUM_CONVERSION = YES;
				CLANG_WARN_INFINITE_RECURSION = YES;
				CLANG_WARN_INT_CONVERSION = YES;
				CLANG_WARN_NON_LITERAL_NULL_CONVERSION = YES;
				CLANG_WARN_OBJC_IMPLICIT_RETAIN_SELF = YES;
				CLANG_WARN_OBJC_LITERAL_CONVERSION = YES;
				CLANG_WARN_OBJC_ROOT_CLASS = YES_ERROR;
				CLANG_WARN_QUOTED_INCLUDE_IN_FRAMEWORK_HEADER = YES;
				CLANG_WARN_RANGE_LOOP_ANALYSIS = YES;
				CLANG_WARN_STRICT_PROTOTYPES = YES;
				CLANG_WARN_SUSPICIOUS_MOVE = YES;
				CLANG_WARN_UNGUARDED_AVAILABILITY = YES_AGGRESSIVE;
				CLANG_WARN_UNREACHABLE_CODE = YES;
				CLANG_WARN__DUPLICATE_METHOD_MATCH = YES;
				COPY_PHASE_STRIP = NO;
				DEBUG_INFORMATION_FORMAT = dwarf;
				ENABLE_STRICT_OBJC_MSGSEND = YES;
				ENABLE_TESTABILITY = YES;
				ENABLE_USER_SCRIPT_SANDBOXING = YES;
				GCC_C_LANGUAGE_STANDARD = gnu17;
				GCC_DYNAMIC_NO_PIC = NO;
				GCC_NO_COMMON_BLOCKS = YES;
				GCC_OPTIMIZATION_LEVEL = 0;
				GCC_PREPROCESSOR_DEFINITIONS = (
					"DEBUG=1",
					"$(inherited)",
				);
				GCC_WARN_64_TO_32_BIT_CONVERSION = YES;
				GCC_WARN_ABOUT_RETURN_TYPE = YES_ERROR;
				GCC_WARN_UNDECLARED_SELECTOR = YES;
				GCC_WARN_UNINITIALIZED_AUTOS = YES_AGGRESSIVE;
				GCC_WARN_UNUSED_FUNCTION = YES;
				GCC_WARN_UNUSED_VARIABLE = YES;
				IPHONEOS_DEPLOYMENT_TARGET = 17.0;
				LOCALIZATION_PREFERS_STRING_CATALOGS = YES;
				MTL_ENABLE_DEBUG_INFO = INCLUDE_SOURCE;
				MTL_FAST_MATH = YES;
				ONLY_ACTIVE_ARCH = YES;
				SDKROOT = iphoneos;
				SWIFT_ACTIVE_COMPILATION_CONDITIONS = "DEBUG $(inherited)";
				SWIFT_OPTIMIZATION_LEVEL = "-Onone";
			};
			name = Debug;
		};
		B6281D662B0338B9000BC38E /* Release */ = {
			isa = XCBuildConfiguration;
			buildSettings = {
				ALWAYS_SEARCH_USER_PATHS = NO;
				ASSETCATALOG_COMPILER_GENERATE_SWIFT_ASSET_SYMBOL_EXTENSIONS = YES;
				CLANG_ANALYZER_NONNULL = YES;
				CLANG_ANALYZER_NUMBER_OBJECT_CONVERSION = YES_AGGRESSIVE;
				CLANG_CXX_LANGUAGE_STANDARD = "gnu++20";
				CLANG_ENABLE_MODULES = YES;
				CLANG_ENABLE_OBJC_ARC = YES;
				CLANG_ENABLE_OBJC_WEAK = YES;
				CLANG_WARN_BLOCK_CAPTURE_AUTORELEASING = YES;
				CLANG_WARN_BOOL_CONVERSION = YES;
				CLANG_WARN_COMMA = YES;
				CLANG_WARN_CONSTANT_CONVERSION = YES;
				CLANG_WARN_DEPRECATED_OBJC_IMPLEMENTATIONS = YES;
				CLANG_WARN_DIRECT_OBJC_ISA_USAGE = YES_ERROR;
				CLANG_WARN_DOCUMENTATION_COMMENTS = YES;
				CLANG_WARN_EMPTY_BODY = YES;
				CLANG_WARN_ENUM_CONVERSION = YES;
				CLANG_WARN_INFINITE_RECURSION = YES;
				CLANG_WARN_INT_CONVERSION = YES;
				CLANG_WARN_NON_LITERAL_NULL_CONVERSION = YES;
				CLANG_WARN_OBJC_IMPLICIT_RETAIN_SELF = YES;
				CLANG_WARN_OBJC_LITERAL_CONVERSION = YES;
				CLANG_WARN_OBJC_ROOT_CLASS = YES_ERROR;
				CLANG_WARN_QUOTED_INCLUDE_IN_FRAMEWORK_HEADER = YES;
				CLANG_WARN_RANGE_LOOP_ANALYSIS = YES;
				CLANG_WARN_STRICT_PROTOTYPES = YES;
				CLANG_WARN_SUSPICIOUS_MOVE = YES;
				CLANG_WARN_UNGUARDED_AVAILABILITY = YES_AGGRESSIVE;
				CLANG_WARN_UNREACHABLE_CODE = YES;
				CLANG_WARN__DUPLICATE_METHOD_MATCH = YES;
				COPY_PHASE_STRIP = NO;
				DEBUG_INFORMATION_FORMAT = "dwarf-with-dsym";
				ENABLE_NS_ASSERTIONS = NO;
				ENABLE_STRICT_OBJC_MSGSEND = YES;
				ENABLE_USER_SCRIPT_SANDBOXING = YES;
				GCC_C_LANGUAGE_STANDARD = gnu17;
				GCC_NO_COMMON_BLOCKS = YES;
				GCC_WARN_64_TO_32_BIT_CONVERSION = YES;
				GCC_WARN_ABOUT_RETURN_TYPE = YES_ERROR;
				GCC_WARN_UNDECLARED_SELECTOR = YES;
				GCC_WARN_UNINITIALIZED_AUTOS = YES_AGGRESSIVE;
				GCC_WARN_UNUSED_FUNCTION = YES;
				GCC_WARN_UNUSED_VARIABLE = YES;
				IPHONEOS_DEPLOYMENT_TARGET = 17.0;
				LOCALIZATION_PREFERS_STRING_CATALOGS = YES;
				MTL_ENABLE_DEBUG_INFO = NO;
				MTL_FAST_MATH = YES;
				SDKROOT = iphoneos;
				SWIFT_COMPILATION_MODE = wholemodule;
				VALIDATE_PRODUCT = YES;
			};
			name = Release;
		};
		B6281D682B0338B9000BC38E /* Debug */ = {
			isa = XCBuildConfiguration;
			buildSettings = {
				ASSETCATALOG_COMPILER_APPICON_NAME = AppIcon;
				ASSETCATALOG_COMPILER_GLOBAL_ACCENT_COLOR_NAME = AccentColor;
				CODE_SIGN_STYLE = Automatic;
				CURRENT_PROJECT_VERSION = 1;
				DEVELOPMENT_ASSET_PATHS = "\"Local Workout/Preview Content\"";
				DEVELOPMENT_TEAM = 8DGT7FKTPZ;
				ENABLE_PREVIEWS = YES;
				GENERATE_INFOPLIST_FILE = YES;
				INFOPLIST_FILE = "Local-Workout-Info.plist";
				INFOPLIST_KEY_NSLocationWhenInUseUsageDescription = "We need your location to locate nearby fitness centers";
				INFOPLIST_KEY_UIApplicationSceneManifest_Generation = YES;
				INFOPLIST_KEY_UIApplicationSupportsIndirectInputEvents = YES;
				INFOPLIST_KEY_UILaunchScreen_Generation = YES;
				INFOPLIST_KEY_UISupportedInterfaceOrientations_iPad = "UIInterfaceOrientationPortrait UIInterfaceOrientationPortraitUpsideDown UIInterfaceOrientationLandscapeLeft UIInterfaceOrientationLandscapeRight";
				INFOPLIST_KEY_UISupportedInterfaceOrientations_iPhone = "UIInterfaceOrientationPortrait UIInterfaceOrientationLandscapeLeft UIInterfaceOrientationLandscapeRight";
				LD_RUNPATH_SEARCH_PATHS = (
					"$(inherited)",
					"@executable_path/Frameworks",
				);
				MARKETING_VERSION = 1.0;
				PRODUCT_BUNDLE_IDENTIFIER = "Zachary.Local-Workout";
				PRODUCT_NAME = "$(TARGET_NAME)";
				SWIFT_EMIT_LOC_STRINGS = YES;
				SWIFT_VERSION = 5.0;
				TARGETED_DEVICE_FAMILY = "1,2";
			};
			name = Debug;
		};
		B6281D692B0338B9000BC38E /* Release */ = {
			isa = XCBuildConfiguration;
			buildSettings = {
				ASSETCATALOG_COMPILER_APPICON_NAME = AppIcon;
				ASSETCATALOG_COMPILER_GLOBAL_ACCENT_COLOR_NAME = AccentColor;
				CODE_SIGN_STYLE = Automatic;
				CURRENT_PROJECT_VERSION = 1;
				DEVELOPMENT_ASSET_PATHS = "\"Local Workout/Preview Content\"";
				DEVELOPMENT_TEAM = 8DGT7FKTPZ;
				ENABLE_PREVIEWS = YES;
				GENERATE_INFOPLIST_FILE = YES;
				INFOPLIST_FILE = "Local-Workout-Info.plist";
				INFOPLIST_KEY_NSLocationWhenInUseUsageDescription = "We need your location to locate nearby fitness centers";
				INFOPLIST_KEY_UIApplicationSceneManifest_Generation = YES;
				INFOPLIST_KEY_UIApplicationSupportsIndirectInputEvents = YES;
				INFOPLIST_KEY_UILaunchScreen_Generation = YES;
				INFOPLIST_KEY_UISupportedInterfaceOrientations_iPad = "UIInterfaceOrientationPortrait UIInterfaceOrientationPortraitUpsideDown UIInterfaceOrientationLandscapeLeft UIInterfaceOrientationLandscapeRight";
				INFOPLIST_KEY_UISupportedInterfaceOrientations_iPhone = "UIInterfaceOrientationPortrait UIInterfaceOrientationLandscapeLeft UIInterfaceOrientationLandscapeRight";
				LD_RUNPATH_SEARCH_PATHS = (
					"$(inherited)",
					"@executable_path/Frameworks",
				);
				MARKETING_VERSION = 1.0;
				PRODUCT_BUNDLE_IDENTIFIER = "Zachary.Local-Workout";
				PRODUCT_NAME = "$(TARGET_NAME)";
				SWIFT_EMIT_LOC_STRINGS = YES;
				SWIFT_VERSION = 5.0;
				TARGETED_DEVICE_FAMILY = "1,2";
			};
			name = Release;
		};
		B6281D6B2B0338B9000BC38E /* Debug */ = {
			isa = XCBuildConfiguration;
			buildSettings = {
				ALWAYS_EMBED_SWIFT_STANDARD_LIBRARIES = YES;
				BUNDLE_LOADER = "$(TEST_HOST)";
				CODE_SIGN_STYLE = Automatic;
				CURRENT_PROJECT_VERSION = 1;
				DEVELOPMENT_TEAM = 8DGT7FKTPZ;
				GENERATE_INFOPLIST_FILE = YES;
				IPHONEOS_DEPLOYMENT_TARGET = 17.0;
				MARKETING_VERSION = 1.0;
				PRODUCT_BUNDLE_IDENTIFIER = "Zachary.Local-WorkoutTests";
				PRODUCT_NAME = "$(TARGET_NAME)";
				SWIFT_EMIT_LOC_STRINGS = NO;
				SWIFT_VERSION = 5.0;
				TARGETED_DEVICE_FAMILY = "1,2";
				TEST_HOST = "$(BUILT_PRODUCTS_DIR)/Local Workout.app/$(BUNDLE_EXECUTABLE_FOLDER_PATH)/Local Workout";
			};
			name = Debug;
		};
		B6281D6C2B0338B9000BC38E /* Release */ = {
			isa = XCBuildConfiguration;
			buildSettings = {
				ALWAYS_EMBED_SWIFT_STANDARD_LIBRARIES = YES;
				BUNDLE_LOADER = "$(TEST_HOST)";
				CODE_SIGN_STYLE = Automatic;
				CURRENT_PROJECT_VERSION = 1;
				DEVELOPMENT_TEAM = 8DGT7FKTPZ;
				GENERATE_INFOPLIST_FILE = YES;
				IPHONEOS_DEPLOYMENT_TARGET = 17.0;
				MARKETING_VERSION = 1.0;
				PRODUCT_BUNDLE_IDENTIFIER = "Zachary.Local-WorkoutTests";
				PRODUCT_NAME = "$(TARGET_NAME)";
				SWIFT_EMIT_LOC_STRINGS = NO;
				SWIFT_VERSION = 5.0;
				TARGETED_DEVICE_FAMILY = "1,2";
				TEST_HOST = "$(BUILT_PRODUCTS_DIR)/Local Workout.app/$(BUNDLE_EXECUTABLE_FOLDER_PATH)/Local Workout";
			};
			name = Release;
		};
		B6281D6E2B0338B9000BC38E /* Debug */ = {
			isa = XCBuildConfiguration;
			buildSettings = {
				ALWAYS_EMBED_SWIFT_STANDARD_LIBRARIES = YES;
				CODE_SIGN_STYLE = Automatic;
				CURRENT_PROJECT_VERSION = 1;
				DEVELOPMENT_TEAM = 8DGT7FKTPZ;
				GENERATE_INFOPLIST_FILE = YES;
				MARKETING_VERSION = 1.0;
				PRODUCT_BUNDLE_IDENTIFIER = "Zachary.Local-WorkoutUITests";
				PRODUCT_NAME = "$(TARGET_NAME)";
				SWIFT_EMIT_LOC_STRINGS = NO;
				SWIFT_VERSION = 5.0;
				TARGETED_DEVICE_FAMILY = "1,2";
				TEST_TARGET_NAME = "Local Workout";
			};
			name = Debug;
		};
		B6281D6F2B0338B9000BC38E /* Release */ = {
			isa = XCBuildConfiguration;
			buildSettings = {
				ALWAYS_EMBED_SWIFT_STANDARD_LIBRARIES = YES;
				CODE_SIGN_STYLE = Automatic;
				CURRENT_PROJECT_VERSION = 1;
				DEVELOPMENT_TEAM = 8DGT7FKTPZ;
				GENERATE_INFOPLIST_FILE = YES;
				MARKETING_VERSION = 1.0;
				PRODUCT_BUNDLE_IDENTIFIER = "Zachary.Local-WorkoutUITests";
				PRODUCT_NAME = "$(TARGET_NAME)";
				SWIFT_EMIT_LOC_STRINGS = NO;
				SWIFT_VERSION = 5.0;
				TARGETED_DEVICE_FAMILY = "1,2";
				TEST_TARGET_NAME = "Local Workout";
			};
			name = Release;
		};
/* End XCBuildConfiguration section */

/* Begin XCConfigurationList section */
		B6281D3E2B0338B7000BC38E /* Build configuration list for PBXProject "Local Workout" */ = {
			isa = XCConfigurationList;
			buildConfigurations = (
				B6281D652B0338B9000BC38E /* Debug */,
				B6281D662B0338B9000BC38E /* Release */,
			);
			defaultConfigurationIsVisible = 0;
			defaultConfigurationName = Release;
		};
		B6281D672B0338B9000BC38E /* Build configuration list for PBXNativeTarget "Local Workout" */ = {
			isa = XCConfigurationList;
			buildConfigurations = (
				B6281D682B0338B9000BC38E /* Debug */,
				B6281D692B0338B9000BC38E /* Release */,
			);
			defaultConfigurationIsVisible = 0;
			defaultConfigurationName = Release;
		};
		B6281D6A2B0338B9000BC38E /* Build configuration list for PBXNativeTarget "Local WorkoutTests" */ = {
			isa = XCConfigurationList;
			buildConfigurations = (
				B6281D6B2B0338B9000BC38E /* Debug */,
				B6281D6C2B0338B9000BC38E /* Release */,
			);
			defaultConfigurationIsVisible = 0;
			defaultConfigurationName = Release;
		};
		B6281D6D2B0338B9000BC38E /* Build configuration list for PBXNativeTarget "Local WorkoutUITests" */ = {
			isa = XCConfigurationList;
			buildConfigurations = (
				B6281D6E2B0338B9000BC38E /* Debug */,
				B6281D6F2B0338B9000BC38E /* Release */,
			);
			defaultConfigurationIsVisible = 0;
			defaultConfigurationName = Release;
		};
/* End XCConfigurationList section */

/* Begin XCRemoteSwiftPackageReference section */
		689D90AC2B73486B00098874 /* XCRemoteSwiftPackageReference "firebase-ios-sdk" */ = {
			isa = XCRemoteSwiftPackageReference;
			repositoryURL = "https://github.com/firebase/firebase-ios-sdk";
			requirement = {
				kind = upToNextMajorVersion;
				minimumVersion = 10.21.0;
			};
		};
/* End XCRemoteSwiftPackageReference section */

/* Begin XCSwiftPackageProductDependency section */
		6861A6302B81852600744D2F /* FirebaseAnalytics */ = {
			isa = XCSwiftPackageProductDependency;
			package = 689D90AC2B73486B00098874 /* XCRemoteSwiftPackageReference "firebase-ios-sdk" */;
			productName = FirebaseAnalytics;
		};
		6861A6322B81852600744D2F /* FirebaseAnalyticsOnDeviceConversion */ = {
			isa = XCSwiftPackageProductDependency;
			package = 689D90AC2B73486B00098874 /* XCRemoteSwiftPackageReference "firebase-ios-sdk" */;
			productName = FirebaseAnalyticsOnDeviceConversion;
		};
		6861A6342B81852600744D2F /* FirebaseAnalyticsSwift */ = {
			isa = XCSwiftPackageProductDependency;
			package = 689D90AC2B73486B00098874 /* XCRemoteSwiftPackageReference "firebase-ios-sdk" */;
			productName = FirebaseAnalyticsSwift;
		};
		6861A6362B81852600744D2F /* FirebaseAnalyticsWithoutAdIdSupport */ = {
			isa = XCSwiftPackageProductDependency;
			package = 689D90AC2B73486B00098874 /* XCRemoteSwiftPackageReference "firebase-ios-sdk" */;
			productName = FirebaseAnalyticsWithoutAdIdSupport;
		};
		6861A6382B81852600744D2F /* FirebaseAppCheck */ = {
			isa = XCSwiftPackageProductDependency;
			package = 689D90AC2B73486B00098874 /* XCRemoteSwiftPackageReference "firebase-ios-sdk" */;
			productName = FirebaseAppCheck;
		};
		6861A63A2B81852600744D2F /* FirebaseAppDistribution-Beta */ = {
			isa = XCSwiftPackageProductDependency;
			package = 689D90AC2B73486B00098874 /* XCRemoteSwiftPackageReference "firebase-ios-sdk" */;
			productName = "FirebaseAppDistribution-Beta";
		};
		6861A63C2B81852600744D2F /* FirebaseAuth */ = {
			isa = XCSwiftPackageProductDependency;
			package = 689D90AC2B73486B00098874 /* XCRemoteSwiftPackageReference "firebase-ios-sdk" */;
			productName = FirebaseAuth;
		};
		6861A63E2B81852600744D2F /* FirebaseAuthCombine-Community */ = {
			isa = XCSwiftPackageProductDependency;
			package = 689D90AC2B73486B00098874 /* XCRemoteSwiftPackageReference "firebase-ios-sdk" */;
			productName = "FirebaseAuthCombine-Community";
		};
		6861A6402B81852600744D2F /* FirebaseCrashlytics */ = {
			isa = XCSwiftPackageProductDependency;
			package = 689D90AC2B73486B00098874 /* XCRemoteSwiftPackageReference "firebase-ios-sdk" */;
			productName = FirebaseCrashlytics;
		};
		6861A6422B81852600744D2F /* FirebaseDatabase */ = {
			isa = XCSwiftPackageProductDependency;
			package = 689D90AC2B73486B00098874 /* XCRemoteSwiftPackageReference "firebase-ios-sdk" */;
			productName = FirebaseDatabase;
		};
		6861A6442B81852600744D2F /* FirebaseDatabaseSwift */ = {
			isa = XCSwiftPackageProductDependency;
			package = 689D90AC2B73486B00098874 /* XCRemoteSwiftPackageReference "firebase-ios-sdk" */;
			productName = FirebaseDatabaseSwift;
		};
		6861A6462B81852600744D2F /* FirebaseDynamicLinks */ = {
			isa = XCSwiftPackageProductDependency;
			package = 689D90AC2B73486B00098874 /* XCRemoteSwiftPackageReference "firebase-ios-sdk" */;
			productName = FirebaseDynamicLinks;
		};
		6861A6482B81852600744D2F /* FirebaseFirestore */ = {
			isa = XCSwiftPackageProductDependency;
			package = 689D90AC2B73486B00098874 /* XCRemoteSwiftPackageReference "firebase-ios-sdk" */;
			productName = FirebaseFirestore;
		};
		6861A64A2B81852600744D2F /* FirebaseFirestoreCombine-Community */ = {
			isa = XCSwiftPackageProductDependency;
			package = 689D90AC2B73486B00098874 /* XCRemoteSwiftPackageReference "firebase-ios-sdk" */;
			productName = "FirebaseFirestoreCombine-Community";
		};
		6861A64C2B81852600744D2F /* FirebaseFirestoreSwift */ = {
			isa = XCSwiftPackageProductDependency;
			package = 689D90AC2B73486B00098874 /* XCRemoteSwiftPackageReference "firebase-ios-sdk" */;
			productName = FirebaseFirestoreSwift;
		};
		6861A64E2B81852600744D2F /* FirebaseFunctions */ = {
			isa = XCSwiftPackageProductDependency;
			package = 689D90AC2B73486B00098874 /* XCRemoteSwiftPackageReference "firebase-ios-sdk" */;
			productName = FirebaseFunctions;
		};
		6861A6502B81852600744D2F /* FirebaseFunctionsCombine-Community */ = {
			isa = XCSwiftPackageProductDependency;
			package = 689D90AC2B73486B00098874 /* XCRemoteSwiftPackageReference "firebase-ios-sdk" */;
			productName = "FirebaseFunctionsCombine-Community";
		};
		6861A6522B81852600744D2F /* FirebaseInAppMessaging-Beta */ = {
			isa = XCSwiftPackageProductDependency;
			package = 689D90AC2B73486B00098874 /* XCRemoteSwiftPackageReference "firebase-ios-sdk" */;
			productName = "FirebaseInAppMessaging-Beta";
		};
		6861A6542B81852600744D2F /* FirebaseInAppMessagingSwift-Beta */ = {
			isa = XCSwiftPackageProductDependency;
			package = 689D90AC2B73486B00098874 /* XCRemoteSwiftPackageReference "firebase-ios-sdk" */;
			productName = "FirebaseInAppMessagingSwift-Beta";
		};
		6861A6562B81852600744D2F /* FirebaseInstallations */ = {
			isa = XCSwiftPackageProductDependency;
			package = 689D90AC2B73486B00098874 /* XCRemoteSwiftPackageReference "firebase-ios-sdk" */;
			productName = FirebaseInstallations;
		};
		6861A6582B81852600744D2F /* FirebaseMLModelDownloader */ = {
			isa = XCSwiftPackageProductDependency;
			package = 689D90AC2B73486B00098874 /* XCRemoteSwiftPackageReference "firebase-ios-sdk" */;
			productName = FirebaseMLModelDownloader;
		};
		6861A65A2B81852600744D2F /* FirebaseMessaging */ = {
			isa = XCSwiftPackageProductDependency;
			package = 689D90AC2B73486B00098874 /* XCRemoteSwiftPackageReference "firebase-ios-sdk" */;
			productName = FirebaseMessaging;
		};
		6861A65C2B81852600744D2F /* FirebasePerformance */ = {
			isa = XCSwiftPackageProductDependency;
			package = 689D90AC2B73486B00098874 /* XCRemoteSwiftPackageReference "firebase-ios-sdk" */;
			productName = FirebasePerformance;
		};
		6861A65E2B81852600744D2F /* FirebaseRemoteConfig */ = {
			isa = XCSwiftPackageProductDependency;
			package = 689D90AC2B73486B00098874 /* XCRemoteSwiftPackageReference "firebase-ios-sdk" */;
			productName = FirebaseRemoteConfig;
		};
		6861A6602B81852600744D2F /* FirebaseRemoteConfigSwift */ = {
			isa = XCSwiftPackageProductDependency;
			package = 689D90AC2B73486B00098874 /* XCRemoteSwiftPackageReference "firebase-ios-sdk" */;
			productName = FirebaseRemoteConfigSwift;
		};
		6861A6622B81852600744D2F /* FirebaseStorage */ = {
			isa = XCSwiftPackageProductDependency;
			package = 689D90AC2B73486B00098874 /* XCRemoteSwiftPackageReference "firebase-ios-sdk" */;
			productName = FirebaseStorage;
		};
		6861A6642B81852600744D2F /* FirebaseStorageCombine-Community */ = {
			isa = XCSwiftPackageProductDependency;
			package = 689D90AC2B73486B00098874 /* XCRemoteSwiftPackageReference "firebase-ios-sdk" */;
			productName = "FirebaseStorageCombine-Community";
		};
/* End XCSwiftPackageProductDependency section */
	};
	rootObject = B6281D3B2B0338B7000BC38E /* Project object */;
}
